{
  "version": "5",
  "specifiers": {
    "jsr:@std/assert@1": "1.0.15",
    "jsr:@std/internal@^1.0.12": "1.0.12",
    "npm:@noble/ciphers@^2.0.1": "2.0.1",
    "npm:@noble/post-quantum@~0.5.2": "0.5.2"
  },
  "jsr": {
    "@std/assert@1.0.15": {
      "integrity": "d64018e951dbdfab9777335ecdb000c0b4e3df036984083be219ce5941e4703b",
      "dependencies": [
        "jsr:@std/internal"
      ]
    },
    "@std/internal@1.0.12": {
      "integrity": "972a634fd5bc34b242024402972cd5143eac68d8dffaca5eaa4dba30ce17b027"
    }
  },
  "npm": {
    "@noble/ciphers@2.0.1": {
      "integrity": "sha512-xHK3XHPUW8DTAobU+G0XT+/w+JLM7/8k1UFdB5xg/zTFPnFCobhftzw8wl4Lw2aq/Rvir5pxfZV5fEazmeCJ2g=="
    },
    "@noble/curves@2.0.1": {
      "integrity": "sha512-vs1Az2OOTBiP4q0pwjW5aF0xp9n4MxVrmkFBxc6EKZc6ddYx5gaZiAsZoq0uRRXWbi3AT/sBqn05eRPtn1JCPw==",
      "dependencies": [
        "@noble/hashes"
      ]
    },
    "@noble/hashes@2.0.1": {
      "integrity": "sha512-XlOlEbQcE9fmuXxrVTXCTlG2nlRXa9Rj3rr5Ue/+tX+nmkgbX720YHh0VR3hBF9xDvwnb8D2shVGOwNx+ulArw=="
    },
    "@noble/post-quantum@0.5.2": {
      "integrity": "sha512-etMDBkCuB95Xj/gfsWYBD2x+84IjL4uMLd/FhGoUUG/g+eh0K2eP7pJz1EmvpN8Df3vKdoWVAc7RxIBCHQfFHQ==",
      "dependencies": [
        "@noble/curves",
        "@noble/hashes"
      ]
    }
  },
  "workspace": {
    "dependencies": [
      "jsr:@std/assert@1",
      "npm:@noble/ciphers@^2.0.1",
      "npm:@noble/post-quantum@~0.5.2"
    ]
  }
}
